// !$*UTF8*$!
{
	archiveVersion = 1;
	classes = {
	};
	objectVersion = 56;
	objects = {

/* Begin PBXBuildFile section */
		015D9C232FBD928A00FDE8AA /* AppDelegate.m in Sources */ = {isa = PBXBuildFile; fileRef = 015D9C222FBD928A00FDE8AA /* AppDelegate.m */; };
		015D9C262FBD928A00FDE8AA /* ViewController.m in Sources */ = {isa = PBXBuildFile; fileRef = 015D9C252FBD928A00FDE8AA /* ViewController.m */; };
		015D9C282FBD928D00FDE8AA /* Assets.xcassets in Resources */ = {isa = PBXBuildFile; fileRef = 015D9C272FBD928D00FDE8AA /* Assets.xcassets */; };
		015D9C2B2FBD928D00FDE8AA /* Main.storyboard in Resources */ = {isa = PBXBuildFile; fileRef = 015D9C292FBD928D00FDE8AA /* Main.storyboard */; };
		015D9C2D2FBD928D00FDE8AA /* main.m in Sources */ = {isa = PBXBuildFile; fileRef = 015D9C2C2FBD928D00FDE8AA /* main.m */; };
		015D9C382FBD928D00FDE8AA /* HydraKillerLauncherTests.m in Sources */ = {isa = PBXBuildFile; fileRef = 015D9C372FBD928D00FDE8AA /* HydraKillerLauncherTests.m */; };
		015D9C422FBD928D00FDE8AA /* HydraKillerLauncherUITests.m in Sources */ = {isa = PBXBuildFile; fileRef = 015D9C412FBD928D00FDE8AA /* HydraKillerLauncherUITests.m */; };
		015D9C442FBD928D00FDE8AA /* HydraKillerLauncherUITestsLaunchTests.m in Sources */ = {isa = PBXBuildFile; fileRef = 015D9C432FBD928D00FDE8AA /* HydraKillerLauncherUITestsLaunchTests.m */; };
		015D9C572FBDA06F00FDE8AA /* main.c in Sources */ = {isa = PBXBuildFile; fileRef = 015D9C142FBC411E00FDE8AA /* main.c */; };
		015D9C5B2FBDA16400FDE8AA /* truncatesyndication in CopyFiles */ = {isa = PBXBuildFile; fileRef = 015D9C112FBC411E00FDE8AA /* truncatesyndication */; settings = {ATTRIBUTES = (CodeSignOnCopy, ); }; };
		015D9C5D2FBDA18E00FDE8AA /* com.lyraphase.truncatesyndication.plist in CopyFiles */ = {isa = PBXBuildFile; fileRef = 015D9C522FBD991200FDE8AA /* com.lyraphase.truncatesyndication.plist */; };
		015D9C632FBDA89100FDE8AA /* truncate_syndication_wal.sh in CopyFiles */ = {isa = PBXBuildFile; fileRef = 015D9C4E2FBD933300FDE8AA /* truncate_syndication_wal.sh */; };
/* End PBXBuildFile section */

/* Begin PBXContainerItemProxy section */
		015D9C342FBD928D00FDE8AA /* PBXContainerItemProxy */ = {
			isa = PBXContainerItemProxy;
			containerPortal = 015D9C092FBC411D00FDE8AA /* Project object */;
			proxyType = 1;
			remoteGlobalIDString = 015D9C1E2FBD928A00FDE8AA;
			remoteInfo = HydraKillerLauncher;
		};
		015D9C3E2FBD928D00FDE8AA /* PBXContainerItemProxy */ = {
			isa = PBXContainerItemProxy;
			containerPortal = 015D9C092FBC411D00FDE8AA /* Project object */;
			proxyType = 1;
			remoteGlobalIDString = 015D9C1E2FBD928A00FDE8AA;
			remoteInfo = HydraKillerLauncher;
		};
		015D9C592FBDA0A400FDE8AA /* PBXContainerItemProxy */ = {
			isa = PBXContainerItemProxy;
			containerPortal = 015D9C092FBC411D00FDE8AA /* Project object */;
			proxyType = 1;
			remoteGlobalIDString = 015D9C102FBC411E00FDE8AA;
			remoteInfo = truncatesyndication;
		};
/* End PBXContainerItemProxy section */

/* Begin PBXCopyFilesBuildPhase section */
		015D9C0F2FBC411E00FDE8AA /* CopyFiles */ = {
			isa = PBXCopyFilesBuildPhase;
			buildActionMask = 2147483647;
			dstPath = /usr/share/man/man1/;
			dstSubfolderSpec = 0;
			files = (
			);
			runOnlyForDeploymentPostprocessing = 1;
		};
		015D9C542FBD9B6400FDE8AA /* CopyFiles */ = {
			isa = PBXCopyFilesBuildPhase;
			buildActionMask = 2147483647;
			dstPath = LaunchAgents;
			dstSubfolderSpec = 6;
			files = (
				015D9C5B2FBDA16400FDE8AA /* truncatesyndication in CopyFiles */,
			);
			runOnlyForDeploymentPostprocessing = 0;
		};
		015D9C5C2FBDA16F00FDE8AA /* CopyFiles */ = {
			isa = PBXCopyFilesBuildPhase;
			buildActionMask = 2147483647;
			dstPath = LaunchAgents;
			dstSubfolderSpec = 7;
			files = (
				015D9C632FBDA89100FDE8AA /* truncate_syndication_wal.sh in CopyFiles */,
				015D9C5D2FBDA18E00FDE8AA /* com.lyraphase.truncatesyndication.plist in CopyFiles */,
			);
			runOnlyForDeploymentPostprocessing = 0;
		};
/* End PBXCopyFilesBuildPhase section */

/* Begin PBXFileReference section */
		015D9C112FBC411E00FDE8AA /* truncatesyndication */ = {isa = PBXFileReference; explicitFileType = "compiled.mach-o.executable"; includeInIndex = 0; path = truncatesyndication; sourceTree = BUILT_PRODUCTS_DIR; };
		015D9C142FBC411E00FDE8AA /* main.c */ = {isa = PBXFileReference; lastKnownFileType = sourcecode.c.c; path = main.c; sourceTree = "<group>"; };
		015D9C1F2FBD928A00FDE8AA /* HydraKillerLauncher.app */ = {isa = PBXFileReference; explicitFileType = wrapper.application; includeInIndex = 0; path = HydraKillerLauncher.app; sourceTree = BUILT_PRODUCTS_DIR; };
		015D9C212FBD928A00FDE8AA /* AppDelegate.h */ = {isa = PBXFileReference; lastKnownFileType = sourcecode.c.h; path = AppDelegate.h; sourceTree = "<group>"; };
		015D9C222FBD928A00FDE8AA /* AppDelegate.m */ = {isa = PBXFileReference; lastKnownFileType = sourcecode.c.objc; path = AppDelegate.m; sourceTree = "<group>"; };
		015D9C242FBD928A00FDE8AA /* ViewController.h */ = {isa = PBXFileReference; lastKnownFileType = sourcecode.c.h; path = ViewController.h; sourceTree = "<group>"; };
		015D9C252FBD928A00FDE8AA /* ViewController.m */ = {isa = PBXFileReference; lastKnownFileType = sourcecode.c.objc; path = ViewController.m; sourceTree = "<group>"; };
		015D9C272FBD928D00FDE8AA /* Assets.xcassets */ = {isa = PBXFileReference; lastKnownFileType = folder.assetcatalog; path = Assets.xcassets; sourceTree = "<group>"; };
		015D9C2A2FBD928D00FDE8AA /* Base */ = {isa = PBXFileReference; lastKnownFileType = file.storyboard; name = Base; path = Base.lproj/Main.storyboard; sourceTree = "<group>"; };
		015D9C2C2FBD928D00FDE8AA /* main.m */ = {isa = PBXFileReference; lastKnownFileType = sourcecode.c.objc; path = main.m; sourceTree = "<group>"; };
		015D9C2E2FBD928D00FDE8AA /* HydraKillerLauncher.entitlements */ = {isa = PBXFileReference; lastKnownFileType = text.plist.entitlements; path = HydraKillerLauncher.entitlements; sourceTree = "<group>"; };
		015D9C332FBD928D00FDE8AA /* HydraKillerLauncherTests.xctest */ = {isa = PBXFileReference; explicitFileType = wrapper.cfbundle; includeInIndex = 0; path = HydraKillerLauncherTests.xctest; sourceTree = BUILT_PRODUCTS_DIR; };
		015D9C372FBD928D00FDE8AA /* HydraKillerLauncherTests.m */ = {isa = PBXFileReference; lastKnownFileType = sourcecode.c.objc; path = HydraKillerLauncherTests.m; sourceTree = "<group>"; };
		015D9C3D2FBD928D00FDE8AA /* HydraKillerLauncherUITests.xctest */ = {isa = PBXFileReference; explicitFileType = wrapper.cfbundle; includeInIndex = 0; path = HydraKillerLauncherUITests.xctest; sourceTree = BUILT_PRODUCTS_DIR; };
		015D9C412FBD928D00FDE8AA /* HydraKillerLauncherUITests.m */ = {isa = PBXFileReference; lastKnownFileType = sourcecode.c.objc; path = HydraKillerLauncherUITests.m; sourceTree = "<group>"; };
		015D9C432FBD928D00FDE8AA /* HydraKillerLauncherUITestsLaunchTests.m */ = {isa = PBXFileReference; lastKnownFileType = sourcecode.c.objc; path = HydraKillerLauncherUITestsLaunchTests.m; sourceTree = "<group>"; };
		015D9C4E2FBD933300FDE8AA /* truncate_syndication_wal.sh */ = {isa = PBXFileReference; lastKnownFileType = text.script.sh; path = truncate_syndication_wal.sh; sourceTree = "<group>"; };
		015D9C522FBD991200FDE8AA /* com.lyraphase.truncatesyndication.plist */ = {isa = PBXFileReference; lastKnownFileType = text.plist.xml; path = com.lyraphase.truncatesyndication.plist; sourceTree = "<group>"; };
		015D9C642FBDAC6E00FDE8AA /* truncatesyndication.entitlements */ = {isa = PBXFileReference; fileEncoding = 4; lastKnownFileType = text.plist.entitlements; path = truncatesyndication.entitlements; sourceTree = "<group>"; };
/* End PBXFileReference section */

/* Begin PBXFrameworksBuildPhase section */
		015D9C0E2FBC411E00FDE8AA /* Frameworks */ = {
			isa = PBXFrameworksBuildPhase;
			buildActionMask = 2147483647;
			files = (
			);
			runOnlyForDeploymentPostprocessing = 0;
		};
		015D9C1C2FBD928A00FDE8AA /* Frameworks */ = {
			isa = PBXFrameworksBuildPhase;
			buildActionMask = 2147483647;
			files = (
			);
			runOnlyForDeploymentPostprocessing = 0;
		};
		015D9C302FBD928D00FDE8AA /* Frameworks */ = {
			isa = PBXFrameworksBuildPhase;
			buildActionMask = 2147483647;
			files = (
			);
			runOnlyForDeploymentPostprocessing = 0;
		};
		015D9C3A2FBD928D00FDE8AA /* Frameworks */ = {
			isa = PBXFrameworksBuildPhase;
			buildActionMask = 2147483647;
			files = (
			);
			runOnlyForDeploymentPostprocessing = 0;
		};
/* End PBXFrameworksBuildPhase section */

/* Begin PBXGroup section */
		015D9C082FBC411D00FDE8AA = {
			isa = PBXGroup;
			children = (
				015D9C132FBC411E00FDE8AA /* truncatesyndication */,
				015D9C202FBD928A00FDE8AA /* HydraKillerLauncher */,
				015D9C362FBD928D00FDE8AA /* HydraKillerLauncherTests */,
				015D9C402FBD928D00FDE8AA /* HydraKillerLauncherUITests */,
				015D9C122FBC411E00FDE8AA /* Products */,
			);
			sourceTree = "<group>";
		};
		015D9C122FBC411E00FDE8AA /* Products */ = {
			isa = PBXGroup;
			children = (
				015D9C112FBC411E00FDE8AA /* truncatesyndication */,
				015D9C1F2FBD928A00FDE8AA /* HydraKillerLauncher.app */,
				015D9C332FBD928D00FDE8AA /* HydraKillerLauncherTests.xctest */,
				015D9C3D2FBD928D00FDE8AA /* HydraKillerLauncherUITests.xctest */,
			);
			name = Products;
			sourceTree = "<group>";
		};
		015D9C132FBC411E00FDE8AA /* truncatesyndication */ = {
			isa = PBXGroup;
			children = (
				015D9C642FBDAC6E00FDE8AA /* truncatesyndication.entitlements */,
				015D9C142FBC411E00FDE8AA /* main.c */,
				015D9C4E2FBD933300FDE8AA /* truncate_syndication_wal.sh */,
			);
			path = truncatesyndication;
			sourceTree = "<group>";
		};
		015D9C202FBD928A00FDE8AA /* HydraKillerLauncher */ = {
			isa = PBXGroup;
			children = (
				015D9C212FBD928A00FDE8AA /* AppDelegate.h */,
				015D9C222FBD928A00FDE8AA /* AppDelegate.m */,
				015D9C242FBD928A00FDE8AA /* ViewController.h */,
				015D9C252FBD928A00FDE8AA /* ViewController.m */,
				015D9C272FBD928D00FDE8AA /* Assets.xcassets */,
				015D9C292FBD928D00FDE8AA /* Main.storyboard */,
				015D9C2C2FBD928D00FDE8AA /* main.m */,
				015D9C2E2FBD928D00FDE8AA /* HydraKillerLauncher.entitlements */,
				015D9C522FBD991200FDE8AA /* com.lyraphase.truncatesyndication.plist */,
			);
			path = HydraKillerLauncher;
			sourceTree = "<group>";
		};
		015D9C362FBD928D00FDE8AA /* HydraKillerLauncherTests */ = {
			isa = PBXGroup;
			children = (
				015D9C372FBD928D00FDE8AA /* HydraKillerLauncherTests.m */,
			);
			path = HydraKillerLauncherTests;
			sourceTree = "<group>";
		};
		015D9C402FBD928D00FDE8AA /* HydraKillerLauncherUITests */ = {
			isa = PBXGroup;
			children = (
				015D9C412FBD928D00FDE8AA /* HydraKillerLauncherUITests.m */,
				015D9C432FBD928D00FDE8AA /* HydraKillerLauncherUITestsLaunchTests.m */,
			);
			path = HydraKillerLauncherUITests;
			sourceTree = "<group>";
		};
/* End PBXGroup section */

/* Begin PBXNativeTarget section */
		015D9C102FBC411E00FDE8AA /* truncatesyndication */ = {
			isa = PBXNativeTarget;
			buildConfigurationList = 015D9C182FBC411E00FDE8AA /* Build configuration list for PBXNativeTarget "truncatesyndication" */;
			buildPhases = (
				015D9C0D2FBC411E00FDE8AA /* Sources */,
				015D9C0E2FBC411E00FDE8AA /* Frameworks */,
				015D9C0F2FBC411E00FDE8AA /* CopyFiles */,
			);
			buildRules = (
			);
			dependencies = (
			);
			name = truncatesyndication;
			productName = PhotoanalysisdHydraKiller;
			productReference = 015D9C112FBC411E00FDE8AA /* truncatesyndication */;
			productType = "com.apple.product-type.tool";
		};
		015D9C1E2FBD928A00FDE8AA /* HydraKillerLauncher */ = {
			isa = PBXNativeTarget;
			buildConfigurationList = 015D9C452FBD928D00FDE8AA /* Build configuration list for PBXNativeTarget "HydraKillerLauncher" */;
			buildPhases = (
				015D9C1B2FBD928A00FDE8AA /* Sources */,
				015D9C1C2FBD928A00FDE8AA /* Frameworks */,
				015D9C1D2FBD928A00FDE8AA /* Resources */,
				015D9C542FBD9B6400FDE8AA /* CopyFiles */,
				015D9C5C2FBDA16F00FDE8AA /* CopyFiles */,
			);
			buildRules = (
			);
			dependencies = (
				015D9C5A2FBDA0A400FDE8AA /* PBXTargetDependency */,
			);
			name = HydraKillerLauncher;
			productName = HydraKillerLauncher;
			productReference = 015D9C1F2FBD928A00FDE8AA /* HydraKillerLauncher.app */;
			productType = "com.apple.product-type.application";
		};
		015D9C322FBD928D00FDE8AA /* HydraKillerLauncherTests */ = {
			isa = PBXNativeTarget;
			buildConfigurationList = 015D9C482FBD928D00FDE8AA /* Build configuration list for PBXNativeTarget "HydraKillerLauncherTests" */;
			buildPhases = (
				015D9C2F2FBD928D00FDE8AA /* Sources */,
				015D9C302FBD928D00FDE8AA /* Frameworks */,
				015D9C312FBD928D00FDE8AA /* Resources */,
			);
			buildRules = (
			);
			dependencies = (
				015D9C352FBD928D00FDE8AA /* PBXTargetDependency */,
			);
			name = HydraKillerLauncherTests;
			productName = HydraKillerLauncherTests;
			productReference = 015D9C332FBD928D00FDE8AA /* HydraKillerLauncherTests.xctest */;
			productType = "com.apple.product-type.bundle.unit-test";
		};
		015D9C3C2FBD928D00FDE8AA /* HydraKillerLauncherUITests */ = {
			isa = PBXNativeTarget;
			buildConfigurationList = 015D9C4B2FBD928D00FDE8AA /* Build configuration list for PBXNativeTarget "HydraKillerLauncherUITests" */;
			buildPhases = (
				015D9C392FBD928D00FDE8AA /* Sources */,
				015D9C3A2FBD928D00FDE8AA /* Frameworks */,
				015D9C3B2FBD928D00FDE8AA /* Resources */,
			);
			buildRules = (
			);
			dependencies = (
				015D9C3F2FBD928D00FDE8AA /* PBXTargetDependency */,
			);
			name = HydraKillerLauncherUITests;
			productName = HydraKillerLauncherUITests;
			productReference = 015D9C3D2FBD928D00FDE8AA /* HydraKillerLauncherUITests.xctest */;
			productType = "com.apple.product-type.bundle.ui-testing";
		};
/* End PBXNativeTarget section */

/* Begin PBXProject section */
		015D9C092FBC411D00FDE8AA /* Project object */ = {
			isa = PBXProject;
			attributes = {
				BuildIndependentTargetsInParallel = 1;
				LastUpgradeCheck = 1420;
				ORGANIZATIONNAME = LyraPhase;
				TargetAttributes = {
					015D9C102FBC411E00FDE8AA = {
						CreatedOnToolsVersion = 14.2;
					};
					015D9C1E2FBD928A00FDE8AA = {
						CreatedOnToolsVersion = 14.2;
					};
					015D9C322FBD928D00FDE8AA = {
						CreatedOnToolsVersion = 14.2;
						TestTargetID = 015D9C1E2FBD928A00FDE8AA;
					};
					015D9C3C2FBD928D00FDE8AA = {
						CreatedOnToolsVersion = 14.2;
						TestTargetID = 015D9C1E2FBD928A00FDE8AA;
					};
				};
			};
			buildConfigurationList = 015D9C0C2FBC411D00FDE8AA /* Build configuration list for PBXProject "PhotoanalysisdHydraKiller" */;
			compatibilityVersion = "Xcode 14.0";
			developmentRegion = en;
			hasScannedForEncodings = 0;
			knownRegions = (
				en,
				Base,
			);
			mainGroup = 015D9C082FBC411D00FDE8AA;
			productRefGroup = 015D9C122FBC411E00FDE8AA /* Products */;
			projectDirPath = "";
			projectRoot = "";
			targets = (
				015D9C102FBC411E00FDE8AA /* truncatesyndication */,
				015D9C1E2FBD928A00FDE8AA /* HydraKillerLauncher */,
				015D9C322FBD928D00FDE8AA /* HydraKillerLauncherTests */,
				015D9C3C2FBD928D00FDE8AA /* HydraKillerLauncherUITests */,
			);
		};
/* End PBXProject section */

/* Begin PBXResourcesBuildPhase section */
		015D9C1D2FBD928A00FDE8AA /* Resources */ = {
			isa = PBXResourcesBuildPhase;
			buildActionMask = 2147483647;
			files = (
				015D9C282FBD928D00FDE8AA /* Assets.xcassets in Resources */,
				015D9C2B2FBD928D00FDE8AA /* Main.storyboard in Resources */,
			);
			runOnlyForDeploymentPostprocessing = 0;
		};
		015D9C312FBD928D00FDE8AA /* Resources */ = {
			isa = PBXResourcesBuildPhase;
			buildActionMask = 2147483647;
			files = (
			);
			runOnlyForDeploymentPostprocessing = 0;
		};
		015D9C3B2FBD928D00FDE8AA /* Resources */ = {
			isa = PBXResourcesBuildPhase;
			buildActionMask = 2147483647;
			files = (
			);
			runOnlyForDeploymentPostprocessing = 0;
		};
/* End PBXResourcesBuildPhase section */

/* Begin PBXSourcesBuildPhase section */
		015D9C0D2FBC411E00FDE8AA /* Sources */ = {
			isa = PBXSourcesBuildPhase;
			buildActionMask = 2147483647;
			files = (
				015D9C572FBDA06F00FDE8AA /* main.c in Sources */,
			);
			runOnlyForDeploymentPostprocessing = 0;
		};
		015D9C1B2FBD928A00FDE8AA /* Sources */ = {
			isa = PBXSourcesBuildPhase;
			buildActionMask = 2147483647;
			files = (
				015D9C262FBD928A00FDE8AA /* ViewController.m in Sources */,
				015D9C2D2FBD928D00FDE8AA /* main.m in Sources */,
				015D9C232FBD928A00FDE8AA /* AppDelegate.m in Sources */,
			);
			runOnlyForDeploymentPostprocessing = 0;
		};
		015D9C2F2FBD928D00FDE8AA /* Sources */ = {
			isa = PBXSourcesBuildPhase;
			buildActionMask = 2147483647;
			files = (
				015D9C382FBD928D00FDE8AA /* HydraKillerLauncherTests.m in Sources */,
			);
			runOnlyForDeploymentPostprocessing = 0;
		};
		015D9C392FBD928D00FDE8AA /* Sources */ = {
			isa = PBXSourcesBuildPhase;
			buildActionMask = 2147483647;
			files = (
				015D9C442FBD928D00FDE8AA /* HydraKillerLauncherUITestsLaunchTests.m in Sources */,
				015D9C422FBD928D00FDE8AA /* HydraKillerLauncherUITests.m in Sources */,
			);
			runOnlyForDeploymentPostprocessing = 0;
		};
/* End PBXSourcesBuildPhase section */

/* Begin PBXTargetDependency section */
		015D9C352FBD928D00FDE8AA /* PBXTargetDependency */ = {
			isa = PBXTargetDependency;
			target = 015D9C1E2FBD928A00FDE8AA /* HydraKillerLauncher */;
			targetProxy = 015D9C342FBD928D00FDE8AA /* PBXContainerItemProxy */;
		};
		015D9C3F2FBD928D00FDE8AA /* PBXTargetDependency */ = {
			isa = PBXTargetDependency;
			target = 015D9C1E2FBD928A00FDE8AA /* HydraKillerLauncher */;
			targetProxy = 015D9C3E2FBD928D00FDE8AA /* PBXContainerItemProxy */;
		};
		015D9C5A2FBDA0A400FDE8AA /* PBXTargetDependency */ = {
			isa = PBXTargetDependency;
			target = 015D9C102FBC411E00FDE8AA /* truncatesyndication */;
			targetProxy = 015D9C592FBDA0A400FDE8AA /* PBXContainerItemProxy */;
		};
/* End PBXTargetDependency section */

/* Begin PBXVariantGroup section */
		015D9C292FBD928D00FDE8AA /* Main.storyboard */ = {
			isa = PBXVariantGroup;
			children = (
				015D9C2A2FBD928D00FDE8AA /* Base */,
			);
			name = Main.storyboard;
			sourceTree = "<group>";
		};
/* End PBXVariantGroup section */

/* Begin XCBuildConfiguration section */
		015D9C162FBC411E00FDE8AA /* Debug */ = {
			isa = XCBuildConfiguration;
			buildSettings = {
				ALWAYS_SEARCH_USER_PATHS = NO;
				CLANG_ANALYZER_NONNULL = YES;
				CLANG_ANALYZER_NUMBER_OBJECT_CONVERSION = YES_AGGRESSIVE;
				CLANG_CXX_LANGUAGE_STANDARD = "gnu++20";
				CLANG_ENABLE_MODULES = YES;
				CLANG_ENABLE_OBJC_ARC = YES;
				CLANG_ENABLE_OBJC_WEAK = YES;
				CLANG_WARN_BLOCK_CAPTURE_AUTORELEASING = YES;
				CLANG_WARN_BOOL_CONVERSION = YES;
				CLANG_WARN_COMMA = YES;
				CLANG_WARN_CONSTANT_CONVERSION = YES;
				CLANG_WARN_DEPRECATED_OBJC_IMPLEMENTATIONS = YES;
				CLANG_WARN_DIRECT_OBJC_ISA_USAGE = YES_ERROR;
				CLANG_WARN_DOCUMENTATION_COMMENTS = YES;
				CLANG_WARN_EMPTY_BODY = YES;
				CLANG_WARN_ENUM_CONVERSION = YES;
				CLANG_WARN_INFINITE_RECURSION = YES;
				CLANG_WARN_INT_CONVERSION = YES;
				CLANG_WARN_NON_LITERAL_NULL_CONVERSION = YES;
				CLANG_WARN_OBJC_IMPLICIT_RETAIN_SELF = YES;
				CLANG_WARN_OBJC_LITERAL_CONVERSION = YES;
				CLANG_WARN_OBJC_ROOT_CLASS = YES_ERROR;
				CLANG_WARN_QUOTED_INCLUDE_IN_FRAMEWORK_HEADER = YES;
				CLANG_WARN_RANGE_LOOP_ANALYSIS = YES;
				CLANG_WARN_STRICT_PROTOTYPES = YES;
				CLANG_WARN_SUSPICIOUS_MOVE = YES;
				CLANG_WARN_UNGUARDED_AVAILABILITY = YES_AGGRESSIVE;
				CLANG_WARN_UNREACHABLE_CODE = YES;
				CLANG_WARN__DUPLICATE_METHOD_MATCH = YES;
				COPY_PHASE_STRIP = NO;
				DEBUG_INFORMATION_FORMAT = dwarf;
				ENABLE_STRICT_OBJC_MSGSEND = YES;
				ENABLE_TESTABILITY = YES;
				GCC_C_LANGUAGE_STANDARD = gnu11;
				GCC_DYNAMIC_NO_PIC = NO;
				GCC_NO_COMMON_BLOCKS = YES;
				GCC_OPTIMIZATION_LEVEL = 0;
				GCC_PREPROCESSOR_DEFINITIONS = (
					"DEBUG=1",
					"$(inherited)",
				);
				GCC_WARN_64_TO_32_BIT_CONVERSION = YES;
				GCC_WARN_ABOUT_RETURN_TYPE = YES_ERROR;
				GCC_WARN_UNDECLARED_SELECTOR = YES;
				GCC_WARN_UNINITIALIZED_AUTOS = YES_AGGRESSIVE;
				GCC_WARN_UNUSED_FUNCTION = YES;
				GCC_WARN_UNUSED_VARIABLE = YES;
				MACOSX_DEPLOYMENT_TARGET = 12.7;
				MTL_ENABLE_DEBUG_INFO = INCLUDE_SOURCE;
				MTL_FAST_MATH = YES;
				ONLY_ACTIVE_ARCH = YES;
				SDKROOT = macosx;
			};
			name = Debug;
		};
		015D9C172FBC411E00FDE8AA /* Release */ = {
			isa = XCBuildConfiguration;
			buildSettings = {
				ALWAYS_SEARCH_USER_PATHS = NO;
				CLANG_ANALYZER_NONNULL = YES;
				CLANG_ANALYZER_NUMBER_OBJECT_CONVERSION = YES_AGGRESSIVE;
				CLANG_CXX_LANGUAGE_STANDARD = "gnu++20";
				CLANG_ENABLE_MODULES = YES;
				CLANG_ENABLE_OBJC_ARC = YES;
				CLANG_ENABLE_OBJC_WEAK = YES;
				CLANG_WARN_BLOCK_CAPTURE_AUTORELEASING = YES;
				CLANG_WARN_BOOL_CONVERSION = YES;
				CLANG_WARN_COMMA = YES;
				CLANG_WARN_CONSTANT_CONVERSION = YES;
				CLANG_WARN_DEPRECATED_OBJC_IMPLEMENTATIONS = YES;
				CLANG_WARN_DIRECT_OBJC_ISA_USAGE = YES_ERROR;
				CLANG_WARN_DOCUMENTATION_COMMENTS = YES;
				CLANG_WARN_EMPTY_BODY = YES;
				CLANG_WARN_ENUM_CONVERSION = YES;
				CLANG_WARN_INFINITE_RECURSION = YES;
				CLANG_WARN_INT_CONVERSION = YES;
				CLANG_WARN_NON_LITERAL_NULL_CONVERSION = YES;
				CLANG_WARN_OBJC_IMPLICIT_RETAIN_SELF = YES;
				CLANG_WARN_OBJC_LITERAL_CONVERSION = YES;
				CLANG_WARN_OBJC_ROOT_CLASS = YES_ERROR;
				CLANG_WARN_QUOTED_INCLUDE_IN_FRAMEWORK_HEADER = YES;
				CLANG_WARN_RANGE_LOOP_ANALYSIS = YES;
				CLANG_WARN_STRICT_PROTOTYPES = YES;
				CLANG_WARN_SUSPICIOUS_MOVE = YES;
				CLANG_WARN_UNGUARDED_AVAILABILITY = YES_AGGRESSIVE;
				CLANG_WARN_UNREACHABLE_CODE = YES;
				CLANG_WARN__DUPLICATE_METHOD_MATCH = YES;
				COPY_PHASE_STRIP = NO;
				DEBUG_INFORMATION_FORMAT = "dwarf-with-dsym";
				ENABLE_NS_ASSERTIONS = NO;
				ENABLE_STRICT_OBJC_MSGSEND = YES;
				GCC_C_LANGUAGE_STANDARD = gnu11;
				GCC_NO_COMMON_BLOCKS = YES;
				GCC_WARN_64_TO_32_BIT_CONVERSION = YES;
				GCC_WARN_ABOUT_RETURN_TYPE = YES_ERROR;
				GCC_WARN_UNDECLARED_SELECTOR = YES;
				GCC_WARN_UNINITIALIZED_AUTOS = YES_AGGRESSIVE;
				GCC_WARN_UNUSED_FUNCTION = YES;
				GCC_WARN_UNUSED_VARIABLE = YES;
				MACOSX_DEPLOYMENT_TARGET = 12.7;
				MTL_ENABLE_DEBUG_INFO = NO;
				MTL_FAST_MATH = YES;
				SDKROOT = macosx;
			};
			name = Release;
		};
		015D9C192FBC411E00FDE8AA /* Debug */ = {
			isa = XCBuildConfiguration;
			buildSettings = {
				ALTERNATE_PERMISSIONS_FILES = "";
				CODE_SIGN_ENTITLEMENTS = truncatesyndication/truncatesyndication.entitlements;
				CODE_SIGN_STYLE = Automatic;
				CURRENT_PROJECT_VERSION = 1;
				ENABLE_APP_SANDBOX = YES;
				GENERATE_INFOPLIST_FILE = YES;
				INFOPLIST_KEY_NSHumanReadableCopyright = "© 🄯 2026 LyraPhase";
				MACOSX_DEPLOYMENT_TARGET = 12.7;
				MARKETING_VERSION = 0.0.1;
				PRODUCT_BUNDLE_IDENTIFIER = com.lyraphase.truncatesyndication;
				PRODUCT_NAME = "$(TARGET_NAME)";
				SKIP_INSTALL = YES;
			};
			name = Debug;
		};
		015D9C1A2FBC411E00FDE8AA /* Release */ = {
			isa = XCBuildConfiguration;
			buildSettings = {
				ALTERNATE_PERMISSIONS_FILES = "";
				CODE_SIGN_ENTITLEMENTS = truncatesyndication/truncatesyndication.entitlements;
				CODE_SIGN_STYLE = Automatic;
				CURRENT_PROJECT_VERSION = 1;
				ENABLE_APP_SANDBOX = YES;
				GENERATE_INFOPLIST_FILE = YES;
				INFOPLIST_KEY_NSHumanReadableCopyright = "© 🄯 2026 LyraPhase";
				"INFOPLIST_KEY_NSHumanReadableCopyright[sdk=*]" = "© 🄯 2026 LyraPhase";
				MACOSX_DEPLOYMENT_TARGET = 12.7;
				MARKETING_VERSION = 0.0.1;
				PRODUCT_BUNDLE_IDENTIFIER = com.lyraphase.truncatesyndication;
				PRODUCT_NAME = "$(TARGET_NAME)";
				SKIP_INSTALL = YES;
			};
			name = Release;
		};
		015D9C462FBD928D00FDE8AA /* Debug */ = {
			isa = XCBuildConfiguration;
			buildSettings = {
				ALTERNATE_PERMISSIONS_FILES = truncate_syndication_wal.sh;
				ASSETCATALOG_COMPILER_APPICON_NAME = AppIcon;
				ASSETCATALOG_COMPILER_GLOBAL_ACCENT_COLOR_NAME = AccentColor;
				CODE_SIGN_ENTITLEMENTS = HydraKillerLauncher/HydraKillerLauncher.entitlements;
				CODE_SIGN_STYLE = Automatic;
				COMBINE_HIDPI_IMAGES = YES;
				CURRENT_PROJECT_VERSION = 1;
				ENABLE_APP_SANDBOX = YES;
				GENERATE_INFOPLIST_FILE = YES;
				INFOPLIST_KEY_CFBundleDisplayName = "Photoanalysisd Hydra Killer Launcher";
				INFOPLIST_KEY_NSHumanReadableCopyright = "Copyright © 2026 LyraPhase. All rights reserved.";
				INFOPLIST_KEY_NSMainStoryboardFile = Main;
				INFOPLIST_KEY_NSPrincipalClass = NSApplication;
				LD_RUNPATH_SEARCH_PATHS = (
					"$(inherited)",
					"@executable_path/../Frameworks",
				);
				MARKETING_VERSION = 1.0;
				PRODUCT_BUNDLE_IDENTIFIER = com.lyraphase.HydraKillerLauncher;
				PRODUCT_NAME = "$(TARGET_NAME)";
				SWIFT_EMIT_LOC_STRINGS = YES;
			};
			name = Debug;
		};
		015D9C472FBD928D00FDE8AA /* Release */ = {
			isa = XCBuildConfiguration;
			buildSettings = {
				ALTERNATE_PERMISSIONS_FILES = truncate_syndication_wal.sh;
				ASSETCATALOG_COMPILER_APPICON_NAME = AppIcon;
				ASSETCATALOG_COMPILER_GLOBAL_ACCENT_COLOR_NAME = AccentColor;
				CODE_SIGN_ENTITLEMENTS = HydraKillerLauncher/HydraKillerLauncher.entitlements;
				CODE_SIGN_STYLE = Automatic;
				COMBINE_HIDPI_IMAGES = YES;
				CURRENT_PROJECT_VERSION = 1;
				ENABLE_APP_SANDBOX = YES;
				GENERATE_INFOPLIST_FILE = YES;
				INFOPLIST_KEY_CFBundleDisplayName = "Photoanalysisd Hydra Killer Launcher";
				INFOPLIST_KEY_NSHumanReadableCopyright = "Copyright © 2026 LyraPhase. All rights reserved.";
				INFOPLIST_KEY_NSMainStoryboardFile = Main;
				INFOPLIST_KEY_NSPrincipalClass = NSApplication;
				LD_RUNPATH_SEARCH_PATHS = (
					"$(inherited)",
					"@executable_path/../Frameworks",
				);
				MARKETING_VERSION = 1.0;
				PRODUCT_BUNDLE_IDENTIFIER = com.lyraphase.HydraKillerLauncher;
				PRODUCT_NAME = "$(TARGET_NAME)";
				SWIFT_EMIT_LOC_STRINGS = YES;
			};
			name = Release;
		};
		015D9C492FBD928D00FDE8AA /* Debug */ = {
			isa = XCBuildConfiguration;
			buildSettings = {
				BUNDLE_LOADER = "$(TEST_HOST)";
				CODE_SIGN_STYLE = Automatic;
				CURRENT_PROJECT_VERSION = 1;
				GENERATE_INFOPLIST_FILE = YES;
				MACOSX_DEPLOYMENT_TARGET = 12.7;
				MARKETING_VERSION = 1.0;
				PRODUCT_BUNDLE_IDENTIFIER = com.lyraphase.HydraKillerLauncherTests;
				PRODUCT_NAME = "$(TARGET_NAME)";
				SWIFT_EMIT_LOC_STRINGS = NO;
				TEST_HOST = "$(BUILT_PRODUCTS_DIR)/HydraKillerLauncher.app/$(BUNDLE_EXECUTABLE_FOLDER_PATH)/HydraKillerLauncher";
			};
			name = Debug;
		};
		015D9C4A2FBD928D00FDE8AA /* Release */ = {
			isa = XCBuildConfiguration;
			buildSettings = {
				BUNDLE_LOADER = "$(TEST_HOST)";
				CODE_SIGN_STYLE = Automatic;
				CURRENT_PROJECT_VERSION = 1;
				GENERATE_INFOPLIST_FILE = YES;
				MACOSX_DEPLOYMENT_TARGET = 12.7;
				MARKETING_VERSION = 1.0;
				PRODUCT_BUNDLE_IDENTIFIER = com.lyraphase.HydraKillerLauncherTests;
				PRODUCT_NAME = "$(TARGET_NAME)";
				SWIFT_EMIT_LOC_STRINGS = NO;
				TEST_HOST = "$(BUILT_PRODUCTS_DIR)/HydraKillerLauncher.app/$(BUNDLE_EXECUTABLE_FOLDER_PATH)/HydraKillerLauncher";
			};
			name = Release;
		};
		015D9C4C2FBD928D00FDE8AA /* Debug */ = {
			isa = XCBuildConfiguration;
			buildSettings = {
				CODE_SIGN_STYLE = Automatic;
				CURRENT_PROJECT_VERSION = 1;
				GENERATE_INFOPLIST_FILE = YES;
				MARKETING_VERSION = 1.0;
				PRODUCT_BUNDLE_IDENTIFIER = com.lyraphase.HydraKillerLauncherUITests;
				PRODUCT_NAME = "$(TARGET_NAME)";
				SWIFT_EMIT_LOC_STRINGS = NO;
				TEST_TARGET_NAME = HydraKillerLauncher;
			};
			name = Debug;
		};
		015D9C4D2FBD928D00FDE8AA /* Release */ = {
			isa = XCBuildConfiguration;
			buildSettings = {
				CODE_SIGN_STYLE = Automatic;
				CURRENT_PROJECT_VERSION = 1;
				GENERATE_INFOPLIST_FILE = YES;
				MARKETING_VERSION = 1.0;
				PRODUCT_BUNDLE_IDENTIFIER = com.lyraphase.HydraKillerLauncherUITests;
				PRODUCT_NAME = "$(TARGET_NAME)";
				SWIFT_EMIT_LOC_STRINGS = NO;
				TEST_TARGET_NAME = HydraKillerLauncher;
			};
			name = Release;
		};
/* End XCBuildConfiguration section */

/* Begin XCConfigurationList section */
		015D9C0C2FBC411D00FDE8AA /* Build configuration list for PBXProject "PhotoanalysisdHydraKiller" */ = {
			isa = XCConfigurationList;
			buildConfigurations = (
				015D9C162FBC411E00FDE8AA /* Debug */,
				015D9C172FBC411E00FDE8AA /* Release */,
			);
			defaultConfigurationIsVisible = 0;
			defaultConfigurationName = Release;
		};
		015D9C182FBC411E00FDE8AA /* Build configuration list for PBXNativeTarget "truncatesyndication" */ = {
			isa = XCConfigurationList;
			buildConfigurations = (
				015D9C192FBC411E00FDE8AA /* Debug */,
				015D9C1A2FBC411E00FDE8AA /* Release */,
			);
			defaultConfigurationIsVisible = 0;
			defaultConfigurationName = Release;
		};
		015D9C452FBD928D00FDE8AA /* Build configuration list for PBXNativeTarget "HydraKillerLauncher" */ = {
			isa = XCConfigurationList;
			buildConfigurations = (
				015D9C462FBD928D00FDE8AA /* Debug */,
				015D9C472FBD928D00FDE8AA /* Release */,
			);
			defaultConfigurationIsVisible = 0;
			defaultConfigurationName = Release;
		};
		015D9C482FBD928D00FDE8AA /* Build configuration list for PBXNativeTarget "HydraKillerLauncherTests" */ = {
			isa = XCConfigurationList;
			buildConfigurations = (
				015D9C492FBD928D00FDE8AA /* Debug */,
				015D9C4A2FBD928D00FDE8AA /* Release */,
			);
			defaultConfigurationIsVisible = 0;
			defaultConfigurationName = Release;
		};
		015D9C4B2FBD928D00FDE8AA /* Build configuration list for PBXNativeTarget "HydraKillerLauncherUITests" */ = {
			isa = XCConfigurationList;
			buildConfigurations = (
				015D9C4C2FBD928D00FDE8AA /* Debug */,
				015D9C4D2FBD928D00FDE8AA /* Release */,
			);
			defaultConfigurationIsVisible = 0;
			defaultConfigurationName = Release;
		};
/* End XCConfigurationList section */
	};
	rootObject = 015D9C092FBC411D00FDE8AA /* Project object */;
}
